
Microsoft Visual Studio Solution File, Format Version 12.00
# Visual Studio Version 17
VisualStudioVersion = 17.0.31903.59
MinimumVisualStudioVersion = 10.0.40219.1
Project("{FAE04EC0-301F-11D3-BF4B-00C04F79EFBC}") = "CharlotteComedy.AppHost", "CharlotteComedy.AppHost\CharlotteComedy.AppHost.csproj", "{189AA195-CB81-461C-82E7-D96CC03E580F}"
EndProject
Project("{FAE04EC0-301F-11D3-BF4B-00C04F79EFBC}") = "CharlotteComedy", "CharlotteComedy\CharlotteComedy.csproj", "{D30A1486-D7B3-4B99-8800-6C9F93C3F9A7}"
EndProject
Project("{FAE04EC0-301F-11D3-BF4B-00C04F79EFBC}") = "CharlotteComedy.Query", "CharlotteComedy.Query\CharlotteComedy.Query.csproj", "{98EA2D3A-6D10-42A9-B16F-E93FE703162B}"
EndProject
Project("{2150E333-8FDC-42A3-9474-1A3956D46DE8}") = "_AppHost", "_AppHost", "{78D30D86-C662-4C18-BCC1-5E558A398F54}"
EndProject
Project("{FAE04EC0-301F-11D3-BF4B-00C04F79EFBC}") = "CharlotteComedy.Gateway", "CharlotteComedy.Gateway\CharlotteComedy.Gateway.csproj", "{E2DB03A9-4EBD-40A3-B8AD-FE144075CC37}"
EndProject
Global
	GlobalSection(SolutionConfigurationPlatforms) = preSolution
		Debug|Any CPU = Debug|Any CPU
		Release|Any CPU = Release|Any CPU
	EndGlobalSection
	GlobalSection(SolutionProperties) = preSolution
		HideSolutionNode = FALSE
	EndGlobalSection
	GlobalSection(ProjectConfigurationPlatforms) = postSolution
		{189AA195-CB81-461C-82E7-D96CC03E580F}.Debug|Any CPU.ActiveCfg = Debug|Any CPU
		{189AA195-CB81-461C-82E7-D96CC03E580F}.Debug|Any CPU.Build.0 = Debug|Any CPU
		{189AA195-CB81-461C-82E7-D96CC03E580F}.Release|Any CPU.ActiveCfg = Release|Any CPU
		{189AA195-CB81-461C-82E7-D96CC03E580F}.Release|Any CPU.Build.0 = Release|Any CPU
		{D30A1486-D7B3-4B99-8800-6C9F93C3F9A7}.Debug|Any CPU.ActiveCfg = Debug|Any CPU
		{D30A1486-D7B3-4B99-8800-6C9F93C3F9A7}.Debug|Any CPU.Build.0 = Debug|Any CPU
		{D30A1486-D7B3-4B99-8800-6C9F93C3F9A7}.Release|Any CPU.ActiveCfg = Release|Any CPU
		{D30A1486-D7B3-4B99-8800-6C9F93C3F9A7}.Release|Any CPU.Build.0 = Release|Any CPU
		{98EA2D3A-6D10-42A9-B16F-E93FE703162B}.Debug|Any CPU.ActiveCfg = Debug|Any CPU
		{98EA2D3A-6D10-42A9-B16F-E93FE703162B}.Debug|Any CPU.Build.0 = Debug|Any CPU
		{98EA2D3A-6D10-42A9-B16F-E93FE703162B}.Release|Any CPU.ActiveCfg = Release|Any CPU
		{98EA2D3A-6D10-42A9-B16F-E93FE703162B}.Release|Any CPU.Build.0 = Release|Any CPU
		{E2DB03A9-4EBD-40A3-B8AD-FE144075CC37}.Debug|Any CPU.ActiveCfg = Debug|Any CPU
		{E2DB03A9-4EBD-40A3-B8AD-FE144075CC37}.Debug|Any CPU.Build.0 = Debug|Any CPU
		{E2DB03A9-4EBD-40A3-B8AD-FE144075CC37}.Release|Any CPU.ActiveCfg = Release|Any CPU
		{E2DB03A9-4EBD-40A3-B8AD-FE144075CC37}.Release|Any CPU.Build.0 = Release|Any CPU
	EndGlobalSection
	GlobalSection(NestedProjects) = preSolution
		{189AA195-CB81-461C-82E7-D96CC03E580F} = {78D30D86-C662-4C18-BCC1-5E558A398F54}
	EndGlobalSection
EndGlobal
